
Microsoft Visual Studio Solution File, Format Version 12.00
# Visual Studio Version 17
VisualStudioVersion = 17.11.35312.102
MinimumVisualStudioVersion = 10.0.40219.1
Project("{FAE04EC0-301F-11D3-BF4B-00C04F79EFBC}") = "DNS", "DNS\DNS.csproj", "{201CE77F-2453-41FF-8675-28857ADF418F}"
EndProject
Global
	GlobalSection(SolutionConfigurationPlatforms) = preSolution
		Debug|Any CPU = Debug|Any CPU
		Release|Any CPU = Release|Any CPU
	EndGlobalSection
	GlobalSection(ProjectConfigurationPlatforms) = postSolution
		{201CE77F-2453-41FF-8675-28857ADF418F}.Debug|Any CPU.ActiveCfg = Debug|Any CPU
		{201CE77F-2453-41FF-8675-28857ADF418F}.Debug|Any CPU.Build.0 = Debug|Any CPU
		{201CE77F-2453-41FF-8675-28857ADF418F}.Release|Any CPU.ActiveCfg = Release|Any CPU
		{201CE77F-2453-41FF-8675-28857ADF418F}.Release|Any CPU.Build.0 = Release|Any CPU
	EndGlobalSection
	GlobalSection(SolutionProperties) = preSolution
		HideSolutionNode = FALSE
	EndGlobalSection
	GlobalSection(ExtensibilityGlobals) = postSolution
		SolutionGuid = {E80DE507-A9C9-455E-B452-4B31A2DDF97D}
	EndGlobalSection
EndGlobal
