
Microsoft Visual Studio Solution File, Format Version 12.00
# Visual Studio Version 17
VisualStudioVersion = 17.11.35312.102
MinimumVisualStudioVersion = 10.0.40219.1
Project("{9A19103F-16F7-4668-BE54-9A1E7A4F7556}") = "UDPServerApp", "UDPServerApp\UDPServerApp.csproj", "{61EBCBB5-FE50-4633-B2ED-F4E940092964}"
EndProject
Project("{FAE04EC0-301F-11D3-BF4B-00C04F79EFBC}") = "UDPClientApp", "UDPClientApp\UDPClientApp.csproj", "{0B8E48B2-994C-4EDE-9F0D-C58F3DC24304}"
EndProject
Global
	GlobalSection(SolutionConfigurationPlatforms) = preSolution
		Debug|Any CPU = Debug|Any CPU
		Release|Any CPU = Release|Any CPU
	EndGlobalSection
	GlobalSection(ProjectConfigurationPlatforms) = postSolution
		{61EBCBB5-FE50-4633-B2ED-F4E940092964}.Debug|Any CPU.ActiveCfg = Debug|Any CPU
		{61EBCBB5-FE50-4633-B2ED-F4E940092964}.Debug|Any CPU.Build.0 = Debug|Any CPU
		{61EBCBB5-FE50-4633-B2ED-F4E940092964}.Release|Any CPU.ActiveCfg = Release|Any CPU
		{61EBCBB5-FE50-4633-B2ED-F4E940092964}.Release|Any CPU.Build.0 = Release|Any CPU
		{0B8E48B2-994C-4EDE-9F0D-C58F3DC24304}.Debug|Any CPU.ActiveCfg = Debug|Any CPU
		{0B8E48B2-994C-4EDE-9F0D-C58F3DC24304}.Debug|Any CPU.Build.0 = Debug|Any CPU
		{0B8E48B2-994C-4EDE-9F0D-C58F3DC24304}.Release|Any CPU.ActiveCfg = Release|Any CPU
		{0B8E48B2-994C-4EDE-9F0D-C58F3DC24304}.Release|Any CPU.Build.0 = Release|Any CPU
	EndGlobalSection
	GlobalSection(SolutionProperties) = preSolution
		HideSolutionNode = FALSE
	EndGlobalSection
	GlobalSection(ExtensibilityGlobals) = postSolution
		SolutionGuid = {96759AED-C1A1-4A95-B12F-0274668FA7DB}
	EndGlobalSection
EndGlobal
