
Microsoft Visual Studio Solution File, Format Version 12.00
# Visual Studio Version 17
VisualStudioVersion = 17.11.35312.102
MinimumVisualStudioVersion = 10.0.40219.1
Project("{FAE04EC0-301F-11D3-BF4B-00C04F79EFBC}") = "Chap2-PLINQ1", "Chap2-PLINQ1\Chap2-PLINQ1.csproj", "{F00A5C21-45F5-416F-915F-1DFD3C7757B3}"
EndProject
Global
	GlobalSection(SolutionConfigurationPlatforms) = preSolution
		Debug|Any CPU = Debug|Any CPU
		Release|Any CPU = Release|Any CPU
	EndGlobalSection
	GlobalSection(ProjectConfigurationPlatforms) = postSolution
		{F00A5C21-45F5-416F-915F-1DFD3C7757B3}.Debug|Any CPU.ActiveCfg = Debug|Any CPU
		{F00A5C21-45F5-416F-915F-1DFD3C7757B3}.Debug|Any CPU.Build.0 = Debug|Any CPU
		{F00A5C21-45F5-416F-915F-1DFD3C7757B3}.Release|Any CPU.ActiveCfg = Release|Any CPU
		{F00A5C21-45F5-416F-915F-1DFD3C7757B3}.Release|Any CPU.Build.0 = Release|Any CPU
	EndGlobalSection
	GlobalSection(SolutionProperties) = preSolution
		HideSolutionNode = FALSE
	EndGlobalSection
	GlobalSection(ExtensibilityGlobals) = postSolution
		SolutionGuid = {DBBDEDE5-6B19-4EF8-9503-9531F5224F75}
	EndGlobalSection
EndGlobal
